
Microsoft Visual Studio Solution File, Format Version 12.00
Project("{2150E333-8FDC-42A3-9474-1A3956D46DE8}") = "socialNetwork_backend", "socialNetwork_backend", "{477C7DC8-EF6E-42B1-BE8E-83EC14B2CACB}"
EndProject
Project("{FAE04EC0-301F-11D3-BF4B-00C04F79EFBC}") = "socialNetworkApp", "socialNetwork_backend\socialNetworkApp\socialNetworkApp.csproj", "{142154DE-AD75-4DE2-9ECE-8F8899598E99}"
EndProject
Global
	GlobalSection(SolutionConfigurationPlatforms) = preSolution
		Debug|Any CPU = Debug|Any CPU
		Release|Any CPU = Release|Any CPU
	EndGlobalSection
	GlobalSection(ProjectConfigurationPlatforms) = postSolution
		{142154DE-AD75-4DE2-9ECE-8F8899598E99}.Debug|Any CPU.ActiveCfg = Debug|Any CPU
		{142154DE-AD75-4DE2-9ECE-8F8899598E99}.Debug|Any CPU.Build.0 = Debug|Any CPU
		{142154DE-AD75-4DE2-9ECE-8F8899598E99}.Release|Any CPU.ActiveCfg = Release|Any CPU
		{142154DE-AD75-4DE2-9ECE-8F8899598E99}.Release|Any CPU.Build.0 = Release|Any CPU
	EndGlobalSection
	GlobalSection(NestedProjects) = preSolution
		{142154DE-AD75-4DE2-9ECE-8F8899598E99} = {477C7DC8-EF6E-42B1-BE8E-83EC14B2CACB}
	EndGlobalSection
EndGlobal
